
Microsoft Visual Studio Solution File, Format Version 12.00
# Visual Studio Express 2012 for Windows Desktop
Project("{FAE04EC0-301F-11D3-BF4B-00C04F79EFBC}") = "Infromation_Retrieval_Project", "Infromation_Retrieval_Project\Infromation_Retrieval_Project.csproj", "{E61B324C-2CF9-48CC-8F79-CE019B134B47}"
EndProject
Global
	GlobalSection(SolutionConfigurationPlatforms) = preSolution
		Debug|Any CPU = Debug|Any CPU
		Release|Any CPU = Release|Any CPU
	EndGlobalSection
	GlobalSection(ProjectConfigurationPlatforms) = postSolution
		{E61B324C-2CF9-48CC-8F79-CE019B134B47}.Debug|Any CPU.ActiveCfg = Debug|Any CPU
		{E61B324C-2CF9-48CC-8F79-CE019B134B47}.Debug|Any CPU.Build.0 = Debug|Any CPU
		{E61B324C-2CF9-48CC-8F79-CE019B134B47}.Release|Any CPU.ActiveCfg = Release|Any CPU
		{E61B324C-2CF9-48CC-8F79-CE019B134B47}.Release|Any CPU.Build.0 = Release|Any CPU
	EndGlobalSection
	GlobalSection(SolutionProperties) = preSolution
		HideSolutionNode = FALSE
	EndGlobalSection
EndGlobal
